// !$*UTF8*$!
{
	archiveVersion = 1;
	classes = {
	};
	objectVersion = 46;
	objects = {

/* Begin PBXBuildFile section */
		1A41A72F2265EC94003A128D /* ClosureExtensions.swift in Sources */ = {isa = PBXBuildFile; fileRef = 1A41A72E2265EC94003A128D /* ClosureExtensions.swift */; };
		1A5BD3391E5BBA2300B4DF8C /* AdditionsTests.swift in Sources */ = {isa = PBXBuildFile; fileRef = 1A5BD3381E5BBA2300B4DF8C /* AdditionsTests.swift */; };
		1A5BD33B1E5BBA2300B4DF8C /* Additions.framework in Frameworks */ = {isa = PBXBuildFile; fileRef = "_____Product_Additions" /* Additions.framework */; };
		1AC5A4BF22023B0100C1FADD /* General.swift in Sources */ = {isa = PBXBuildFile; fileRef = 1AC5A49A22023B0100C1FADD /* General.swift */; };
		1AC5A4C022023B0100C1FADD /* NeverConformances.swift in Sources */ = {isa = PBXBuildFile; fileRef = 1AC5A49B22023B0100C1FADD /* NeverConformances.swift */; };
		1AC5A4CD22023B0100C1FADD /* IDArray.swift in Sources */ = {isa = PBXBuildFile; fileRef = 1AC5A4AB22023B0100C1FADD /* IDArray.swift */; };
		1AC5A4CE22023B0100C1FADD /* Foundation.swift in Sources */ = {isa = PBXBuildFile; fileRef = 1AC5A4AC22023B0100C1FADD /* Foundation.swift */; };
		1AC5A4CF22023B0100C1FADD /* Applicative.swift in Sources */ = {isa = PBXBuildFile; fileRef = 1AC5A4AD22023B0100C1FADD /* Applicative.swift */; };
		1AC5A4D022023B0100C1FADD /* OrderedDictionary.swift in Sources */ = {isa = PBXBuildFile; fileRef = 1AC5A4AE22023B0100C1FADD /* OrderedDictionary.swift */; };
		1AC5A4D522023B0100C1FADD /* Reuseable.swift in Sources */ = {isa = PBXBuildFile; fileRef = 1AC5A4B622023B0100C1FADD /* Reuseable.swift */; };
		1AC5A4D622023B0100C1FADD /* Constraints.swift in Sources */ = {isa = PBXBuildFile; fileRef = 1AC5A4B722023B0100C1FADD /* Constraints.swift */; };
		1AC5A4D822023B0100C1FADD /* Segue.swift in Sources */ = {isa = PBXBuildFile; fileRef = 1AC5A4B922023B0100C1FADD /* Segue.swift */; };
		1AC5A4DA22023B0100C1FADD /* Identifiable.swift in Sources */ = {isa = PBXBuildFile; fileRef = 1AC5A4BB22023B0100C1FADD /* Identifiable.swift */; };
		1AC5A4DB22023B0100C1FADD /* ReusableContainerCells.swift in Sources */ = {isa = PBXBuildFile; fileRef = 1AC5A4BC22023B0100C1FADD /* ReusableContainerCells.swift */; };
		1AC5A4DC22023B0100C1FADD /* Convenience.swift in Sources */ = {isa = PBXBuildFile; fileRef = 1AC5A4BD22023B0100C1FADD /* Convenience.swift */; };
		1AC5A4EF2202406100C1FADD /* CoreGraphics.swift in Sources */ = {isa = PBXBuildFile; fileRef = 1AC5A4EE2202406100C1FADD /* CoreGraphics.swift */; };
		1AC5A4F12202409A00C1FADD /* SourceCompatibility.swift in Sources */ = {isa = PBXBuildFile; fileRef = 1AC5A4F02202409A00C1FADD /* SourceCompatibility.swift */; };
/* End PBXBuildFile section */

/* Begin PBXContainerItemProxy section */
		1A5BD33C1E5BBA2300B4DF8C /* PBXContainerItemProxy */ = {
			isa = PBXContainerItemProxy;
			containerPortal = __RootObject_ /* Project object */;
			proxyType = 1;
			remoteGlobalIDString = "______Target_Additions";
			remoteInfo = Additions;
		};
/* End PBXContainerItemProxy section */

/* Begin PBXFileReference section */
		1A0248602224051700B48B67 /* Stream.swift */ = {isa = PBXFileReference; lastKnownFileType = sourcecode.swift; path = Stream.swift; sourceTree = "<group>"; };
		1A0248622224051E00B48B67 /* Subscription.swift */ = {isa = PBXFileReference; lastKnownFileType = sourcecode.swift; path = Subscription.swift; sourceTree = "<group>"; };
		1A41A72E2265EC94003A128D /* ClosureExtensions.swift */ = {isa = PBXFileReference; lastKnownFileType = sourcecode.swift; path = ClosureExtensions.swift; sourceTree = "<group>"; };
		1A5BD3361E5BBA2300B4DF8C /* AdditionsTests.xctest */ = {isa = PBXFileReference; explicitFileType = wrapper.cfbundle; includeInIndex = 0; path = AdditionsTests.xctest; sourceTree = BUILT_PRODUCTS_DIR; };
		1A5BD3381E5BBA2300B4DF8C /* AdditionsTests.swift */ = {isa = PBXFileReference; lastKnownFileType = sourcecode.swift; path = AdditionsTests.swift; sourceTree = "<group>"; };
		1A5BD33A1E5BBA2300B4DF8C /* Info.plist */ = {isa = PBXFileReference; lastKnownFileType = text.plist.xml; path = Info.plist; sourceTree = "<group>"; };
		1AC5A49A22023B0100C1FADD /* General.swift */ = {isa = PBXFileReference; fileEncoding = 4; lastKnownFileType = sourcecode.swift; path = General.swift; sourceTree = "<group>"; };
		1AC5A49B22023B0100C1FADD /* NeverConformances.swift */ = {isa = PBXFileReference; fileEncoding = 4; lastKnownFileType = sourcecode.swift; path = NeverConformances.swift; sourceTree = "<group>"; };
		1AC5A49E22023B0100C1FADD /* Deferred.swift */ = {isa = PBXFileReference; fileEncoding = 4; lastKnownFileType = sourcecode.swift; path = Deferred.swift; sourceTree = "<group>"; };
		1AC5A49F22023B0100C1FADD /* Reference.swift */ = {isa = PBXFileReference; fileEncoding = 4; lastKnownFileType = sourcecode.swift; path = Reference.swift; sourceTree = "<group>"; };
		1AC5A4A022023B0100C1FADD /* Waitable.swift */ = {isa = PBXFileReference; fileEncoding = 4; lastKnownFileType = sourcecode.swift; path = Waitable.swift; sourceTree = "<group>"; };
		1AC5A4A122023B0100C1FADD /* UArray.swift */ = {isa = PBXFileReference; fileEncoding = 4; lastKnownFileType = sourcecode.swift; path = UArray.swift; sourceTree = "<group>"; };
		1AC5A4A222023B0100C1FADD /* Event.swift */ = {isa = PBXFileReference; fileEncoding = 4; lastKnownFileType = sourcecode.swift; path = Event.swift; sourceTree = "<group>"; };
		1AC5A4A322023B0100C1FADD /* Regex.swift */ = {isa = PBXFileReference; fileEncoding = 4; lastKnownFileType = sourcecode.swift; path = Regex.swift; sourceTree = "<group>"; };
		1AC5A4A422023B0100C1FADD /* UOrderedDictionary.swift */ = {isa = PBXFileReference; fileEncoding = 4; lastKnownFileType = sourcecode.swift; path = UOrderedDictionary.swift; sourceTree = "<group>"; };
		1AC5A4A522023B0100C1FADD /* Maths.swift */ = {isa = PBXFileReference; fileEncoding = 4; lastKnownFileType = sourcecode.swift; path = Maths.swift; sourceTree = "<group>"; };
		1AC5A4A622023B0100C1FADD /* Observable.swift */ = {isa = PBXFileReference; fileEncoding = 4; lastKnownFileType = sourcecode.swift; path = Observable.swift; sourceTree = "<group>"; };
		1AC5A4A722023B0100C1FADD /* WeakAny.swift */ = {isa = PBXFileReference; fileEncoding = 4; lastKnownFileType = sourcecode.swift; path = WeakAny.swift; sourceTree = "<group>"; };
		1AC5A4AA22023B0100C1FADD /* Weak.swift */ = {isa = PBXFileReference; fileEncoding = 4; lastKnownFileType = sourcecode.swift; path = Weak.swift; sourceTree = "<group>"; };
		1AC5A4AB22023B0100C1FADD /* IDArray.swift */ = {isa = PBXFileReference; fileEncoding = 4; lastKnownFileType = sourcecode.swift; path = IDArray.swift; sourceTree = "<group>"; };
		1AC5A4AC22023B0100C1FADD /* Foundation.swift */ = {isa = PBXFileReference; fileEncoding = 4; lastKnownFileType = sourcecode.swift; path = Foundation.swift; sourceTree = "<group>"; };
		1AC5A4AD22023B0100C1FADD /* Applicative.swift */ = {isa = PBXFileReference; fileEncoding = 4; lastKnownFileType = sourcecode.swift; path = Applicative.swift; sourceTree = "<group>"; };
		1AC5A4AE22023B0100C1FADD /* OrderedDictionary.swift */ = {isa = PBXFileReference; fileEncoding = 4; lastKnownFileType = sourcecode.swift; path = OrderedDictionary.swift; sourceTree = "<group>"; };
		1AC5A4B122023B0100C1FADD /* UExtensions.swift */ = {isa = PBXFileReference; fileEncoding = 4; lastKnownFileType = sourcecode.swift; path = UExtensions.swift; sourceTree = "<group>"; };
		1AC5A4B222023B0100C1FADD /* EditActionGenerator.swift */ = {isa = PBXFileReference; fileEncoding = 4; lastKnownFileType = sourcecode.swift; path = EditActionGenerator.swift; sourceTree = "<group>"; };
		1AC5A4B322023B0100C1FADD /* EditActionDataSource.swift */ = {isa = PBXFileReference; fileEncoding = 4; lastKnownFileType = sourcecode.swift; path = EditActionDataSource.swift; sourceTree = "<group>"; };
		1AC5A4B422023B0100C1FADD /* SimplePickerSource.swift */ = {isa = PBXFileReference; fileEncoding = 4; lastKnownFileType = sourcecode.swift; path = SimplePickerSource.swift; sourceTree = "<group>"; };
		1AC5A4B622023B0100C1FADD /* Reuseable.swift */ = {isa = PBXFileReference; fileEncoding = 4; lastKnownFileType = sourcecode.swift; path = Reuseable.swift; sourceTree = "<group>"; };
		1AC5A4B722023B0100C1FADD /* Constraints.swift */ = {isa = PBXFileReference; fileEncoding = 4; lastKnownFileType = sourcecode.swift; path = Constraints.swift; sourceTree = "<group>"; };
		1AC5A4B822023B0100C1FADD /* XibLoadable.swift */ = {isa = PBXFileReference; fileEncoding = 4; lastKnownFileType = sourcecode.swift; path = XibLoadable.swift; sourceTree = "<group>"; };
		1AC5A4B922023B0100C1FADD /* Segue.swift */ = {isa = PBXFileReference; fileEncoding = 4; lastKnownFileType = sourcecode.swift; path = Segue.swift; sourceTree = "<group>"; };
		1AC5A4BA22023B0100C1FADD /* MVC.swift */ = {isa = PBXFileReference; fileEncoding = 4; lastKnownFileType = sourcecode.swift; path = MVC.swift; sourceTree = "<group>"; };
		1AC5A4BB22023B0100C1FADD /* Identifiable.swift */ = {isa = PBXFileReference; fileEncoding = 4; lastKnownFileType = sourcecode.swift; path = Identifiable.swift; sourceTree = "<group>"; };
		1AC5A4BC22023B0100C1FADD /* ReusableContainerCells.swift */ = {isa = PBXFileReference; fileEncoding = 4; lastKnownFileType = sourcecode.swift; path = ReusableContainerCells.swift; sourceTree = "<group>"; };
		1AC5A4BD22023B0100C1FADD /* Convenience.swift */ = {isa = PBXFileReference; fileEncoding = 4; lastKnownFileType = sourcecode.swift; path = Convenience.swift; sourceTree = "<group>"; };
		1AC5A4EE2202406100C1FADD /* CoreGraphics.swift */ = {isa = PBXFileReference; lastKnownFileType = sourcecode.swift; path = CoreGraphics.swift; sourceTree = "<group>"; };
		1AC5A4F02202409A00C1FADD /* SourceCompatibility.swift */ = {isa = PBXFileReference; lastKnownFileType = sourcecode.swift; path = SourceCompatibility.swift; sourceTree = "<group>"; };
		__PBXFileRef_Additions.xcodeproj/Configs/Project.xcconfig /* Additions.xcodeproj/Configs/Project.xcconfig */ = {isa = PBXFileReference; lastKnownFileType = text.xcconfig; path = Additions.xcodeproj/Configs/Project.xcconfig; sourceTree = "<group>"; };
		__PBXFileRef_Package.swift /* Package.swift */ = {isa = PBXFileReference; lastKnownFileType = sourcecode.swift; path = Package.swift; sourceTree = "<group>"; };
		"_____Product_Additions" /* Additions.framework */ = {isa = PBXFileReference; explicitFileType = wrapper.framework; path = Additions.framework; sourceTree = BUILT_PRODUCTS_DIR; };
/* End PBXFileReference section */

/* Begin PBXFrameworksBuildPhase section */
		1A5BD3331E5BBA2300B4DF8C /* Frameworks */ = {
			isa = PBXFrameworksBuildPhase;
			buildActionMask = 2147483647;
			files = (
				1A5BD33B1E5BBA2300B4DF8C /* Additions.framework in Frameworks */,
			);
			runOnlyForDeploymentPostprocessing = 0;
		};
		"___LinkPhase_Additions" /* Frameworks */ = {
			isa = PBXFrameworksBuildPhase;
			buildActionMask = 0;
			files = (
			);
			runOnlyForDeploymentPostprocessing = 0;
		};
/* End PBXFrameworksBuildPhase section */

/* Begin PBXGroup section */
		1A0248642224054400B48B67 /* Observable */ = {
			isa = PBXGroup;
			children = (
				1A0248602224051700B48B67 /* Stream.swift */,
				1A0248622224051E00B48B67 /* Subscription.swift */,
				1AC5A4A222023B0100C1FADD /* Event.swift */,
				1AC5A4A622023B0100C1FADD /* Observable.swift */,
			);
			path = Observable;
			sourceTree = "<group>";
		};
		1A5BD3371E5BBA2300B4DF8C /* AdditionsTests */ = {
			isa = PBXGroup;
			children = (
				1A5BD3381E5BBA2300B4DF8C /* AdditionsTests.swift */,
				1A5BD33A1E5BBA2300B4DF8C /* Info.plist */,
			);
			path = AdditionsTests;
			sourceTree = "<group>";
		};
		1AC5A49822023B0100C1FADD /* Sources */ = {
			isa = PBXGroup;
			children = (
				1AC5A49922023B0100C1FADD /* Additions */,
				1AC5A4AF22023B0100C1FADD /* UIKit */,
			);
			path = Sources;
			sourceTree = "<group>";
		};
		1AC5A49922023B0100C1FADD /* Additions */ = {
			isa = PBXGroup;
			children = (
				1AC5A49A22023B0100C1FADD /* General.swift */,
				1AC5A49B22023B0100C1FADD /* NeverConformances.swift */,
				1AC5A49C22023B0100C1FADD /* Inactive */,
				1AC5A4AB22023B0100C1FADD /* IDArray.swift */,
				1AC5A4AC22023B0100C1FADD /* Foundation.swift */,
				1AC5A4AD22023B0100C1FADD /* Applicative.swift */,
				1AC5A4AE22023B0100C1FADD /* OrderedDictionary.swift */,
			);
			path = Additions;
			sourceTree = "<group>";
		};
		1AC5A49C22023B0100C1FADD /* Inactive */ = {
			isa = PBXGroup;
			children = (
				1A0248642224054400B48B67 /* Observable */,
				1AC5A49E22023B0100C1FADD /* Deferred.swift */,
				1AC5A49F22023B0100C1FADD /* Reference.swift */,
				1AC5A4A022023B0100C1FADD /* Waitable.swift */,
				1AC5A4A122023B0100C1FADD /* UArray.swift */,
				1AC5A4A322023B0100C1FADD /* Regex.swift */,
				1AC5A4A422023B0100C1FADD /* UOrderedDictionary.swift */,
				1AC5A4A522023B0100C1FADD /* Maths.swift */,
				1AC5A4A722023B0100C1FADD /* WeakAny.swift */,
				1AC5A4AA22023B0100C1FADD /* Weak.swift */,
			);
			path = Inactive;
			sourceTree = "<group>";
		};
		1AC5A4AF22023B0100C1FADD /* UIKit */ = {
			isa = PBXGroup;
			children = (
				1A41A72E2265EC94003A128D /* ClosureExtensions.swift */,
				1AC5A4B722023B0100C1FADD /* Constraints.swift */,
				1AC5A4BD22023B0100C1FADD /* Convenience.swift */,
				1AC5A4EE2202406100C1FADD /* CoreGraphics.swift */,
				1AC5A4BC22023B0100C1FADD /* ReusableContainerCells.swift */,
				1AC5A4F02202409A00C1FADD /* SourceCompatibility.swift */,
				1AC5A4B022023B0100C1FADD /* Inactive */,
				1AC5A4B522023B0100C1FADD /* IBSafety */,
			);
			path = UIKit;
			sourceTree = "<group>";
		};
		1AC5A4B022023B0100C1FADD /* Inactive */ = {
			isa = PBXGroup;
			children = (
				1AC5A4B122023B0100C1FADD /* UExtensions.swift */,
				1AC5A4B222023B0100C1FADD /* EditActionGenerator.swift */,
				1AC5A4B322023B0100C1FADD /* EditActionDataSource.swift */,
				1AC5A4B422023B0100C1FADD /* SimplePickerSource.swift */,
				1AC5A4BA22023B0100C1FADD /* MVC.swift */,
				1AC5A4B822023B0100C1FADD /* XibLoadable.swift */,
			);
			path = Inactive;
			sourceTree = "<group>";
		};
		1AC5A4B522023B0100C1FADD /* IBSafety */ = {
			isa = PBXGroup;
			children = (
				1AC5A4BB22023B0100C1FADD /* Identifiable.swift */,
				1AC5A4B622023B0100C1FADD /* Reuseable.swift */,
				1AC5A4B922023B0100C1FADD /* Segue.swift */,
			);
			path = IBSafety;
			sourceTree = "<group>";
		};
		"___RootGroup_" = {
			isa = PBXGroup;
			children = (
				__PBXFileRef_Package.swift /* Package.swift */,
				"_____Configs_" /* Configs */,
				1AC5A49822023B0100C1FADD /* Sources */,
				1A5BD3371E5BBA2300B4DF8C /* AdditionsTests */,
				"____Products_" /* Products */,
			);
			sourceTree = "<group>";
		};
		"____Products_" /* Products */ = {
			isa = PBXGroup;
			children = (
				"_____Product_Additions" /* Additions.framework */,
				1A5BD3361E5BBA2300B4DF8C /* AdditionsTests.xctest */,
			);
			name = Products;
			sourceTree = "<group>";
		};
		"_____Configs_" /* Configs */ = {
			isa = PBXGroup;
			children = (
				__PBXFileRef_Additions.xcodeproj/Configs/Project.xcconfig /* Additions.xcodeproj/Configs/Project.xcconfig */,
			);
			name = Configs;
			sourceTree = "<group>";
		};
/* End PBXGroup section */

/* Begin PBXNativeTarget section */
		1A5BD3351E5BBA2300B4DF8C /* AdditionsTests */ = {
			isa = PBXNativeTarget;
			buildConfigurationList = 1A5BD3401E5BBA2300B4DF8C /* Build configuration list for PBXNativeTarget "AdditionsTests" */;
			buildPhases = (
				1A5BD3321E5BBA2300B4DF8C /* Sources */,
				1A5BD3331E5BBA2300B4DF8C /* Frameworks */,
				1A5BD3341E5BBA2300B4DF8C /* Resources */,
			);
			buildRules = (
			);
			dependencies = (
				1A5BD33D1E5BBA2300B4DF8C /* PBXTargetDependency */,
			);
			name = AdditionsTests;
			productName = AdditionsTests;
			productReference = 1A5BD3361E5BBA2300B4DF8C /* AdditionsTests.xctest */;
			productType = "com.apple.product-type.bundle.unit-test";
		};
		"______Target_Additions" /* Additions */ = {
			isa = PBXNativeTarget;
			buildConfigurationList = "_______Confs_Additions" /* Build configuration list for PBXNativeTarget "Additions" */;
			buildPhases = (
				CompilePhase_Additions /* Sources */,
				"___LinkPhase_Additions" /* Frameworks */,
			);
			buildRules = (
			);
			dependencies = (
			);
			name = Additions;
			productName = Additions;
			productReference = "_____Product_Additions" /* Additions.framework */;
			productType = "com.apple.product-type.framework";
		};
/* End PBXNativeTarget section */

/* Begin PBXProject section */
		__RootObject_ /* Project object */ = {
			isa = PBXProject;
			attributes = {
				LastSwiftUpdateCheck = 0830;
				LastUpgradeCheck = 1020;
				TargetAttributes = {
					1A5BD3351E5BBA2300B4DF8C = {
						CreatedOnToolsVersion = 8.3;
						DevelopmentTeam = VKFDYMU9HJ;
						ProvisioningStyle = Automatic;
					};
					"______Target_Additions" = {
						LastSwiftMigration = 1020;
					};
				};
			};
			buildConfigurationList = "___RootConfs_" /* Build configuration list for PBXProject "Additions" */;
			compatibilityVersion = "Xcode 3.2";
			developmentRegion = English;
			hasScannedForEncodings = 0;
			knownRegions = (
				English,
				en,
			);
			mainGroup = "___RootGroup_";
			productRefGroup = "____Products_" /* Products */;
			projectDirPath = "";
			projectRoot = "";
			targets = (
				"______Target_Additions" /* Additions */,
				1A5BD3351E5BBA2300B4DF8C /* AdditionsTests */,
			);
		};
/* End PBXProject section */

/* Begin PBXResourcesBuildPhase section */
		1A5BD3341E5BBA2300B4DF8C /* Resources */ = {
			isa = PBXResourcesBuildPhase;
			buildActionMask = 2147483647;
			files = (
			);
			runOnlyForDeploymentPostprocessing = 0;
		};
/* End PBXResourcesBuildPhase section */

/* Begin PBXSourcesBuildPhase section */
		1A5BD3321E5BBA2300B4DF8C /* Sources */ = {
			isa = PBXSourcesBuildPhase;
			buildActionMask = 2147483647;
			files = (
				1A5BD3391E5BBA2300B4DF8C /* AdditionsTests.swift in Sources */,
			);
			runOnlyForDeploymentPostprocessing = 0;
		};
		CompilePhase_Additions /* Sources */ = {
			isa = PBXSourcesBuildPhase;
			buildActionMask = 0;
			files = (
				1AC5A4DC22023B0100C1FADD /* Convenience.swift in Sources */,
				1AC5A4F12202409A00C1FADD /* SourceCompatibility.swift in Sources */,
				1AC5A4CE22023B0100C1FADD /* Foundation.swift in Sources */,
				1AC5A4D622023B0100C1FADD /* Constraints.swift in Sources */,
				1AC5A4CD22023B0100C1FADD /* IDArray.swift in Sources */,
				1AC5A4C022023B0100C1FADD /* NeverConformances.swift in Sources */,
				1AC5A4D022023B0100C1FADD /* OrderedDictionary.swift in Sources */,
				1AC5A4CF22023B0100C1FADD /* Applicative.swift in Sources */,
				1AC5A4D822023B0100C1FADD /* Segue.swift in Sources */,
				1AC5A4BF22023B0100C1FADD /* General.swift in Sources */,
				1AC5A4EF2202406100C1FADD /* CoreGraphics.swift in Sources */,
				1AC5A4DB22023B0100C1FADD /* ReusableContainerCells.swift in Sources */,
				1AC5A4D522023B0100C1FADD /* Reuseable.swift in Sources */,
				1A41A72F2265EC94003A128D /* ClosureExtensions.swift in Sources */,
				1AC5A4DA22023B0100C1FADD /* Identifiable.swift in Sources */,
			);
			runOnlyForDeploymentPostprocessing = 0;
		};
/* End PBXSourcesBuildPhase section */

/* Begin PBXTargetDependency section */
		1A5BD33D1E5BBA2300B4DF8C /* PBXTargetDependency */ = {
			isa = PBXTargetDependency;
			target = "______Target_Additions" /* Additions */;
			targetProxy = 1A5BD33C1E5BBA2300B4DF8C /* PBXContainerItemProxy */;
		};
/* End PBXTargetDependency section */

/* Begin XCBuildConfiguration section */
		1A5BD33E1E5BBA2300B4DF8C /* Debug */ = {
			isa = XCBuildConfiguration;
			buildSettings = {
				ALWAYS_EMBED_SWIFT_STANDARD_LIBRARIES = YES;
				ALWAYS_SEARCH_USER_PATHS = NO;
				CLANG_ANALYZER_NONNULL = YES;
				CLANG_ANALYZER_NUMBER_OBJECT_CONVERSION = YES_AGGRESSIVE;
				CLANG_CXX_LANGUAGE_STANDARD = "gnu++0x";
				CLANG_CXX_LIBRARY = "libc++";
				CLANG_ENABLE_MODULES = YES;
				CLANG_ENABLE_OBJC_ARC = YES;
				CLANG_WARN_DIRECT_OBJC_ISA_USAGE = YES_ERROR;
				CLANG_WARN_DOCUMENTATION_COMMENTS = YES;
				CLANG_WARN_OBJC_ROOT_CLASS = YES_ERROR;
				CODE_SIGN_IDENTITY = "-";
				COMBINE_HIDPI_IMAGES = YES;
				COPY_PHASE_STRIP = NO;
				DEBUG_INFORMATION_FORMAT = dwarf;
				DEVELOPMENT_TEAM = VKFDYMU9HJ;
				GCC_C_LANGUAGE_STANDARD = gnu99;
				GCC_DYNAMIC_NO_PIC = NO;
				GCC_OPTIMIZATION_LEVEL = 0;
				GCC_PREPROCESSOR_DEFINITIONS = (
					"DEBUG=1",
					"$(inherited)",
				);
				GCC_WARN_ABOUT_RETURN_TYPE = YES_ERROR;
				GCC_WARN_UNINITIALIZED_AUTOS = YES_AGGRESSIVE;
				INFOPLIST_FILE = AdditionsTests/Info.plist;
				LD_RUNPATH_SEARCH_PATHS = "$(inherited) @executable_path/../Frameworks @loader_path/../Frameworks";
				MACOSX_DEPLOYMENT_TARGET = 10.12;
				MTL_ENABLE_DEBUG_INFO = YES;
				PRODUCT_BUNDLE_IDENTIFIER = James.AdditionsTests;
				PRODUCT_NAME = "$(TARGET_NAME)";
				SDKROOT = macosx;
				SWIFT_ACTIVE_COMPILATION_CONDITIONS = DEBUG;
				SWIFT_OPTIMIZATION_LEVEL = "-Onone";
				SWIFT_VERSION = 3.0;
			};
			name = Debug;
		};
		1A5BD33F1E5BBA2300B4DF8C /* Release */ = {
			isa = XCBuildConfiguration;
			buildSettings = {
				ALWAYS_EMBED_SWIFT_STANDARD_LIBRARIES = YES;
				ALWAYS_SEARCH_USER_PATHS = NO;
				CLANG_ANALYZER_NONNULL = YES;
				CLANG_ANALYZER_NUMBER_OBJECT_CONVERSION = YES_AGGRESSIVE;
				CLANG_CXX_LANGUAGE_STANDARD = "gnu++0x";
				CLANG_CXX_LIBRARY = "libc++";
				CLANG_ENABLE_MODULES = YES;
				CLANG_ENABLE_OBJC_ARC = YES;
				CLANG_WARN_DIRECT_OBJC_ISA_USAGE = YES_ERROR;
				CLANG_WARN_DOCUMENTATION_COMMENTS = YES;
				CLANG_WARN_OBJC_ROOT_CLASS = YES_ERROR;
				CODE_SIGN_IDENTITY = "-";
				COMBINE_HIDPI_IMAGES = YES;
				COPY_PHASE_STRIP = NO;
				DEBUG_INFORMATION_FORMAT = "dwarf-with-dsym";
				DEVELOPMENT_TEAM = VKFDYMU9HJ;
				ENABLE_NS_ASSERTIONS = NO;
				GCC_C_LANGUAGE_STANDARD = gnu99;
				GCC_WARN_ABOUT_RETURN_TYPE = YES_ERROR;
				GCC_WARN_UNINITIALIZED_AUTOS = YES_AGGRESSIVE;
				INFOPLIST_FILE = AdditionsTests/Info.plist;
				LD_RUNPATH_SEARCH_PATHS = "$(inherited) @executable_path/../Frameworks @loader_path/../Frameworks";
				MACOSX_DEPLOYMENT_TARGET = 10.12;
				MTL_ENABLE_DEBUG_INFO = NO;
				PRODUCT_BUNDLE_IDENTIFIER = James.AdditionsTests;
				PRODUCT_NAME = "$(TARGET_NAME)";
				SDKROOT = macosx;
				SWIFT_VERSION = 3.0;
			};
			name = Release;
		};
		_ReleaseConf_Additions /* Release */ = {
			isa = XCBuildConfiguration;
			buildSettings = {
				APPLICATION_EXTENSION_API_ONLY = YES;
				CLANG_ENABLE_OBJC_WEAK = YES;
				CURRENT_PROJECT_VERSION = 1;
				ENABLE_TESTABILITY = YES;
				FRAMEWORK_SEARCH_PATHS = "$(PLATFORM_DIR)/Developer/Library/Frameworks";
				INFOPLIST_FILE = Additions.xcodeproj/Additions_Info.plist;
				IPHONEOS_DEPLOYMENT_TARGET = 8.0;
				LD_RUNPATH_SEARCH_PATHS = "$(TOOLCHAIN_DIR)/usr/lib/swift/macosx";
				OTHER_LDFLAGS = "$(inherited)";
				OTHER_SWIFT_FLAGS = "$(inherited)";
				PRODUCT_BUNDLE_IDENTIFIER = Additions;
				PRODUCT_MODULE_NAME = "$(PRODUCT_NAME)";
				PRODUCT_NAME = "$(TARGET_NAME)";
				SKIP_INSTALL = YES;
				SWIFT_VERSION = 5.0;
				VERSIONING_SYSTEM = "apple-generic";
			};
			name = Release;
		};
		"___DebugConf_Additions" /* Debug */ = {
			isa = XCBuildConfiguration;
			buildSettings = {
				APPLICATION_EXTENSION_API_ONLY = YES;
				CLANG_ENABLE_OBJC_WEAK = YES;
				CURRENT_PROJECT_VERSION = 1;
				ENABLE_TESTABILITY = YES;
				FRAMEWORK_SEARCH_PATHS = "$(PLATFORM_DIR)/Developer/Library/Frameworks";
				INFOPLIST_FILE = Additions.xcodeproj/Additions_Info.plist;
				IPHONEOS_DEPLOYMENT_TARGET = 8.0;
				LD_RUNPATH_SEARCH_PATHS = "$(TOOLCHAIN_DIR)/usr/lib/swift/macosx";
				OTHER_LDFLAGS = "$(inherited)";
				OTHER_SWIFT_FLAGS = "$(inherited)";
				PRODUCT_BUNDLE_IDENTIFIER = Additions;
				PRODUCT_MODULE_NAME = "$(PRODUCT_NAME)";
				PRODUCT_NAME = "$(TARGET_NAME)";
				SKIP_INSTALL = YES;
				SWIFT_OPTIMIZATION_LEVEL = "-Onone";
				SWIFT_VERSION = 5.0;
				VERSIONING_SYSTEM = "apple-generic";
			};
			name = Debug;
		};
		"_____Release_" /* Release */ = {
			isa = XCBuildConfiguration;
			baseConfigurationReference = __PBXFileRef_Additions.xcodeproj/Configs/Project.xcconfig /* Additions.xcodeproj/Configs/Project.xcconfig */;
			buildSettings = {
				CLANG_WARN_BLOCK_CAPTURE_AUTORELEASING = YES;
				CLANG_WARN_BOOL_CONVERSION = YES;
				CLANG_WARN_COMMA = YES;
				CLANG_WARN_CONSTANT_CONVERSION = YES;
				CLANG_WARN_DEPRECATED_OBJC_IMPLEMENTATIONS = YES;
				CLANG_WARN_EMPTY_BODY = YES;
				CLANG_WARN_ENUM_CONVERSION = YES;
				CLANG_WARN_INFINITE_RECURSION = YES;
				CLANG_WARN_INT_CONVERSION = YES;
				CLANG_WARN_NON_LITERAL_NULL_CONVERSION = YES;
				CLANG_WARN_OBJC_IMPLICIT_RETAIN_SELF = YES;
				CLANG_WARN_OBJC_LITERAL_CONVERSION = YES;
				CLANG_WARN_RANGE_LOOP_ANALYSIS = YES;
				CLANG_WARN_STRICT_PROTOTYPES = YES;
				CLANG_WARN_SUSPICIOUS_MOVE = YES;
				CLANG_WARN_UNREACHABLE_CODE = YES;
				CLANG_WARN__DUPLICATE_METHOD_MATCH = YES;
				ENABLE_STRICT_OBJC_MSGSEND = YES;
				GCC_NO_COMMON_BLOCKS = YES;
				GCC_WARN_64_TO_32_BIT_CONVERSION = YES;
				GCC_WARN_ABOUT_RETURN_TYPE = YES;
				GCC_WARN_UNDECLARED_SELECTOR = YES;
				GCC_WARN_UNINITIALIZED_AUTOS = YES;
				GCC_WARN_UNUSED_FUNCTION = YES;
				GCC_WARN_UNUSED_VARIABLE = YES;
				SWIFT_OPTIMIZATION_LEVEL = "-Owholemodule";
			};
			name = Release;
		};
		"_______Debug_" /* Debug */ = {
			isa = XCBuildConfiguration;
			baseConfigurationReference = __PBXFileRef_Additions.xcodeproj/Configs/Project.xcconfig /* Additions.xcodeproj/Configs/Project.xcconfig */;
			buildSettings = {
				CLANG_WARN_BLOCK_CAPTURE_AUTORELEASING = YES;
				CLANG_WARN_BOOL_CONVERSION = YES;
				CLANG_WARN_COMMA = YES;
				CLANG_WARN_CONSTANT_CONVERSION = YES;
				CLANG_WARN_DEPRECATED_OBJC_IMPLEMENTATIONS = YES;
				CLANG_WARN_EMPTY_BODY = YES;
				CLANG_WARN_ENUM_CONVERSION = YES;
				CLANG_WARN_INFINITE_RECURSION = YES;
				CLANG_WARN_INT_CONVERSION = YES;
				CLANG_WARN_NON_LITERAL_NULL_CONVERSION = YES;
				CLANG_WARN_OBJC_IMPLICIT_RETAIN_SELF = YES;
				CLANG_WARN_OBJC_LITERAL_CONVERSION = YES;
				CLANG_WARN_RANGE_LOOP_ANALYSIS = YES;
				CLANG_WARN_STRICT_PROTOTYPES = YES;
				CLANG_WARN_SUSPICIOUS_MOVE = YES;
				CLANG_WARN_UNREACHABLE_CODE = YES;
				CLANG_WARN__DUPLICATE_METHOD_MATCH = YES;
				ENABLE_STRICT_OBJC_MSGSEND = YES;
				ENABLE_TESTABILITY = YES;
				GCC_NO_COMMON_BLOCKS = YES;
				GCC_WARN_64_TO_32_BIT_CONVERSION = YES;
				GCC_WARN_ABOUT_RETURN_TYPE = YES;
				GCC_WARN_UNDECLARED_SELECTOR = YES;
				GCC_WARN_UNINITIALIZED_AUTOS = YES;
				GCC_WARN_UNUSED_FUNCTION = YES;
				GCC_WARN_UNUSED_VARIABLE = YES;
				ONLY_ACTIVE_ARCH = YES;
			};
			name = Debug;
		};
/* End XCBuildConfiguration section */

/* Begin XCConfigurationList section */
		1A5BD3401E5BBA2300B4DF8C /* Build configuration list for PBXNativeTarget "AdditionsTests" */ = {
			isa = XCConfigurationList;
			buildConfigurations = (
				1A5BD33E1E5BBA2300B4DF8C /* Debug */,
				1A5BD33F1E5BBA2300B4DF8C /* Release */,
			);
			defaultConfigurationIsVisible = 0;
			defaultConfigurationName = Debug;
		};
		"___RootConfs_" /* Build configuration list for PBXProject "Additions" */ = {
			isa = XCConfigurationList;
			buildConfigurations = (
				"_______Debug_" /* Debug */,
				"_____Release_" /* Release */,
			);
			defaultConfigurationIsVisible = 0;
			defaultConfigurationName = Debug;
		};
		"_______Confs_Additions" /* Build configuration list for PBXNativeTarget "Additions" */ = {
			isa = XCConfigurationList;
			buildConfigurations = (
				"___DebugConf_Additions" /* Debug */,
				_ReleaseConf_Additions /* Release */,
			);
			defaultConfigurationIsVisible = 0;
			defaultConfigurationName = Debug;
		};
/* End XCConfigurationList section */
	};
	rootObject = __RootObject_ /* Project object */;
}
