// !$*UTF8*$!
{
	archiveVersion = 1;
	classes = {
	};
	objectVersion = 46;
	objects = {

/* Begin PBXBuildFile section */
		1A0CED991D9AE33200CB90CF /* Extensions.swift in Sources */ = {isa = PBXBuildFile; fileRef = 1A0CED981D9AE33200CB90CF /* Extensions.swift */; };
		1A0CED9B1D9AE3A900CB90CF /* Foundation.swift in Sources */ = {isa = PBXBuildFile; fileRef = 1A0CED9A1D9AE3A900CB90CF /* Foundation.swift */; };
		1A1681E31E6DE45000CF8F63 /* Observable.swift in Sources */ = {isa = PBXBuildFile; fileRef = 1A1681E21E6DE45000CF8F63 /* Observable.swift */; };
		1A1681E71E6DFE0F00CF8F63 /* EventConvenience.swift in Sources */ = {isa = PBXBuildFile; fileRef = 1A1681E61E6DFE0F00CF8F63 /* EventConvenience.swift */; };
		1A2E14D41D6DE79B007BA6E0 /* Convenience.swift in Sources */ = {isa = PBXBuildFile; fileRef = 1A6CD2EF1D664AE100F9E0B6 /* Convenience.swift */; };
		1A2E14D51D6DE7F7007BA6E0 /* Segue.swift in Sources */ = {isa = PBXBuildFile; fileRef = 1A6CD2F31D664AE100F9E0B6 /* Segue.swift */; };
		1A2E14D61D6DE7F7007BA6E0 /* Identifiable.swift in Sources */ = {isa = PBXBuildFile; fileRef = 1A6CD2F01D664AE100F9E0B6 /* Identifiable.swift */; };
		1A2E14D71D6DE7F7007BA6E0 /* Reuseable.swift in Sources */ = {isa = PBXBuildFile; fileRef = 1A6CD2F21D664AE100F9E0B6 /* Reuseable.swift */; };
		1A2E14DB1D6DE7FE007BA6E0 /* Constraints.swift in Sources */ = {isa = PBXBuildFile; fileRef = 1A6CD2EE1D664AE100F9E0B6 /* Constraints.swift */; };
		1A3C4C021D935097006EDF4A /* Event.swift in Sources */ = {isa = PBXBuildFile; fileRef = 1A3C4C011D935097006EDF4A /* Event.swift */; };
		1A5BD3391E5BBA2300B4DF8C /* AdditionsTests.swift in Sources */ = {isa = PBXBuildFile; fileRef = 1A5BD3381E5BBA2300B4DF8C /* AdditionsTests.swift */; };
		1A5BD33B1E5BBA2300B4DF8C /* Additions.framework in Frameworks */ = {isa = PBXBuildFile; fileRef = "_____Product_Additions" /* Additions.framework */; };
		1A85FA331EE9B1BA002F84BD /* General.swift in Sources */ = {isa = PBXBuildFile; fileRef = 1A85FA321EE9B1BA002F84BD /* General.swift */; };
		1A984D601F3A3C3F00508A94 /* Maths.swift in Sources */ = {isa = PBXBuildFile; fileRef = 1AF7EF9C1DC929D1009B0604 /* Maths.swift */; };
		1A9A4BE51E70BADC008C6B5C /* XibLoadable.swift in Sources */ = {isa = PBXBuildFile; fileRef = 1A9A4BE41E70BADC008C6B5C /* XibLoadable.swift */; };
		1AA644631EF0A866003C96C6 /* OrderedDictionary.swift in Sources */ = {isa = PBXBuildFile; fileRef = __PBXFileRef_Sources/OrderedDictionary.swift /* OrderedDictionary.swift */; };
		1AF9C9CC1F5DE24800637832 /* IDArray.swift in Sources */ = {isa = PBXBuildFile; fileRef = __PBXFileRef_Sources/IDArray.swift /* IDArray.swift */; };
/* End PBXBuildFile section */

/* Begin PBXContainerItemProxy section */
		1A5BD33C1E5BBA2300B4DF8C /* PBXContainerItemProxy */ = {
			isa = PBXContainerItemProxy;
			containerPortal = __RootObject_ /* Project object */;
			proxyType = 1;
			remoteGlobalIDString = "______Target_Additions";
			remoteInfo = Additions;
		};
/* End PBXContainerItemProxy section */

/* Begin PBXFileReference section */
		1A0CED981D9AE33200CB90CF /* Extensions.swift */ = {isa = PBXFileReference; fileEncoding = 4; lastKnownFileType = sourcecode.swift; path = Extensions.swift; sourceTree = "<group>"; };
		1A0CED9A1D9AE3A900CB90CF /* Foundation.swift */ = {isa = PBXFileReference; fileEncoding = 4; lastKnownFileType = sourcecode.swift; path = Foundation.swift; sourceTree = "<group>"; };
		1A1681E21E6DE45000CF8F63 /* Observable.swift */ = {isa = PBXFileReference; fileEncoding = 4; lastKnownFileType = sourcecode.swift; path = Observable.swift; sourceTree = "<group>"; };
		1A1681E61E6DFE0F00CF8F63 /* EventConvenience.swift */ = {isa = PBXFileReference; fileEncoding = 4; lastKnownFileType = sourcecode.swift; path = EventConvenience.swift; sourceTree = "<group>"; };
		1A2684E01F051FB60003EC9F /* UOrderedDictionary.swift */ = {isa = PBXFileReference; lastKnownFileType = sourcecode.swift; path = UOrderedDictionary.swift; sourceTree = "<group>"; };
		1A3126061D7D011800AD7966 /* Applicative.swift */ = {isa = PBXFileReference; fileEncoding = 4; lastKnownFileType = sourcecode.swift; path = Applicative.swift; sourceTree = "<group>"; };
		1A3C4C011D935097006EDF4A /* Event.swift */ = {isa = PBXFileReference; fileEncoding = 4; lastKnownFileType = sourcecode.swift; path = Event.swift; sourceTree = "<group>"; };
		1A3C4C031D93D62C006EDF4A /* WeakAny.swift */ = {isa = PBXFileReference; fileEncoding = 4; lastKnownFileType = sourcecode.swift; path = WeakAny.swift; sourceTree = "<group>"; };
		1A5BD3361E5BBA2300B4DF8C /* AdditionsTests.xctest */ = {isa = PBXFileReference; explicitFileType = wrapper.cfbundle; includeInIndex = 0; path = AdditionsTests.xctest; sourceTree = BUILT_PRODUCTS_DIR; };
		1A5BD3381E5BBA2300B4DF8C /* AdditionsTests.swift */ = {isa = PBXFileReference; lastKnownFileType = sourcecode.swift; path = AdditionsTests.swift; sourceTree = "<group>"; };
		1A5BD33A1E5BBA2300B4DF8C /* Info.plist */ = {isa = PBXFileReference; lastKnownFileType = text.plist.xml; path = Info.plist; sourceTree = "<group>"; };
		1A6CD2EE1D664AE100F9E0B6 /* Constraints.swift */ = {isa = PBXFileReference; fileEncoding = 4; lastKnownFileType = sourcecode.swift; path = Constraints.swift; sourceTree = "<group>"; };
		1A6CD2EF1D664AE100F9E0B6 /* Convenience.swift */ = {isa = PBXFileReference; fileEncoding = 4; lastKnownFileType = sourcecode.swift; path = Convenience.swift; sourceTree = "<group>"; };
		1A6CD2F01D664AE100F9E0B6 /* Identifiable.swift */ = {isa = PBXFileReference; fileEncoding = 4; lastKnownFileType = sourcecode.swift; path = Identifiable.swift; sourceTree = "<group>"; };
		1A6CD2F11D664AE100F9E0B6 /* SimplePickerSource.swift */ = {isa = PBXFileReference; fileEncoding = 4; lastKnownFileType = sourcecode.swift; path = SimplePickerSource.swift; sourceTree = "<group>"; };
		1A6CD2F21D664AE100F9E0B6 /* Reuseable.swift */ = {isa = PBXFileReference; fileEncoding = 4; lastKnownFileType = sourcecode.swift; path = Reuseable.swift; sourceTree = "<group>"; };
		1A6CD2F31D664AE100F9E0B6 /* Segue.swift */ = {isa = PBXFileReference; fileEncoding = 4; lastKnownFileType = sourcecode.swift; path = Segue.swift; sourceTree = "<group>"; };
		1A85FA321EE9B1BA002F84BD /* General.swift */ = {isa = PBXFileReference; lastKnownFileType = sourcecode.swift; path = General.swift; sourceTree = "<group>"; };
		1A8D39541F040446002B170E /* UArray.swift */ = {isa = PBXFileReference; lastKnownFileType = sourcecode.swift; path = UArray.swift; sourceTree = "<group>"; };
		1A8D395B1F042DDC002B170E /* UExtensions.swift */ = {isa = PBXFileReference; lastKnownFileType = sourcecode.swift; path = UExtensions.swift; sourceTree = "<group>"; };
		1A9A4BE41E70BADC008C6B5C /* XibLoadable.swift */ = {isa = PBXFileReference; fileEncoding = 4; lastKnownFileType = sourcecode.swift; path = XibLoadable.swift; sourceTree = "<group>"; };
		1A9C96561ED23D3800C54506 /* EditActionDataSource.swift */ = {isa = PBXFileReference; fileEncoding = 4; lastKnownFileType = sourcecode.swift; name = EditActionDataSource.swift; path = ../UIKit/EditActionDataSource.swift; sourceTree = "<group>"; };
		1A9C96581ED23E3500C54506 /* EditActionGenerator.swift */ = {isa = PBXFileReference; fileEncoding = 4; lastKnownFileType = sourcecode.swift; path = EditActionGenerator.swift; sourceTree = "<group>"; };
		1AA4FC911ED07189007BECB4 /* Waitable.swift */ = {isa = PBXFileReference; fileEncoding = 4; lastKnownFileType = sourcecode.swift; path = Waitable.swift; sourceTree = "<group>"; };
		1AA4FC921ED07189007BECB4 /* Deferred.swift */ = {isa = PBXFileReference; fileEncoding = 4; lastKnownFileType = sourcecode.swift; path = Deferred.swift; sourceTree = "<group>"; };
		1AD616C51D69101700CC2F0B /* Regex.swift */ = {isa = PBXFileReference; fileEncoding = 4; lastKnownFileType = sourcecode.swift; path = Regex.swift; sourceTree = "<group>"; };
		1AE008441DBE81B0008A82AA /* Reference.swift */ = {isa = PBXFileReference; fileEncoding = 4; lastKnownFileType = sourcecode.swift; path = Reference.swift; sourceTree = "<group>"; };
		1AF7EF9C1DC929D1009B0604 /* Maths.swift */ = {isa = PBXFileReference; fileEncoding = 4; lastKnownFileType = sourcecode.swift; path = Maths.swift; sourceTree = "<group>"; };
		__PBXFileRef_Additions.xcodeproj/Configs/Project.xcconfig /* Additions.xcodeproj/Configs/Project.xcconfig */ = {isa = PBXFileReference; lastKnownFileType = text.xcconfig; path = Additions.xcodeproj/Configs/Project.xcconfig; sourceTree = "<group>"; };
		__PBXFileRef_Package.swift /* Package.swift */ = {isa = PBXFileReference; lastKnownFileType = sourcecode.swift; path = Package.swift; sourceTree = "<group>"; };
		__PBXFileRef_Sources/IDArray.swift /* IDArray.swift */ = {isa = PBXFileReference; lastKnownFileType = sourcecode.swift; path = IDArray.swift; sourceTree = "<group>"; };
		__PBXFileRef_Sources/OrderedDictionary.swift /* OrderedDictionary.swift */ = {isa = PBXFileReference; lastKnownFileType = sourcecode.swift; path = OrderedDictionary.swift; sourceTree = "<group>"; };
		__PBXFileRef_Sources/Weak.swift /* Weak.swift */ = {isa = PBXFileReference; lastKnownFileType = sourcecode.swift; path = Weak.swift; sourceTree = "<group>"; };
		"_____Product_Additions" /* Additions.framework */ = {isa = PBXFileReference; explicitFileType = wrapper.framework; path = Additions.framework; sourceTree = BUILT_PRODUCTS_DIR; };
/* End PBXFileReference section */

/* Begin PBXFrameworksBuildPhase section */
		1A5BD3331E5BBA2300B4DF8C /* Frameworks */ = {
			isa = PBXFrameworksBuildPhase;
			buildActionMask = 2147483647;
			files = (
				1A5BD33B1E5BBA2300B4DF8C /* Additions.framework in Frameworks */,
			);
			runOnlyForDeploymentPostprocessing = 0;
		};
		"___LinkPhase_Additions" /* Frameworks */ = {
			isa = PBXFrameworksBuildPhase;
			buildActionMask = 0;
			files = (
			);
			runOnlyForDeploymentPostprocessing = 0;
		};
/* End PBXFrameworksBuildPhase section */

/* Begin PBXGroup section */
		1A522B891ED6020C00488806 /* Inactive */ = {
			isa = PBXGroup;
			children = (
				1A8D395B1F042DDC002B170E /* UExtensions.swift */,
				1A9C96581ED23E3500C54506 /* EditActionGenerator.swift */,
				1A6CD2F11D664AE100F9E0B6 /* SimplePickerSource.swift */,
			);
			name = Inactive;
			sourceTree = "<group>";
		};
		1A5BD3371E5BBA2300B4DF8C /* AdditionsTests */ = {
			isa = PBXGroup;
			children = (
				1A5BD3381E5BBA2300B4DF8C /* AdditionsTests.swift */,
				1A5BD33A1E5BBA2300B4DF8C /* Info.plist */,
			);
			path = AdditionsTests;
			sourceTree = "<group>";
		};
		1A6CD2EB1D664AC300F9E0B6 /* UIKit */ = {
			isa = PBXGroup;
			children = (
				1A6CD2EF1D664AE100F9E0B6 /* Convenience.swift */,
				1A6CD2EE1D664AE100F9E0B6 /* Constraints.swift */,
				1A6CD2FC1D664B0000F9E0B6 /* IBSafety */,
				1A522B891ED6020C00488806 /* Inactive */,
			);
			path = UIKit;
			sourceTree = "<group>";
		};
		1A6CD2FC1D664B0000F9E0B6 /* IBSafety */ = {
			isa = PBXGroup;
			children = (
				1A6CD2F31D664AE100F9E0B6 /* Segue.swift */,
				1A6CD2F01D664AE100F9E0B6 /* Identifiable.swift */,
				1A6CD2F21D664AE100F9E0B6 /* Reuseable.swift */,
				1A9A4BE41E70BADC008C6B5C /* XibLoadable.swift */,
			);
			name = IBSafety;
			sourceTree = "<group>";
		};
		1A6CD3171D664CE600F9E0B6 /* Standard */ = {
			isa = PBXGroup;
			children = (
				1A85FA321EE9B1BA002F84BD /* General.swift */,
				1AF7EF9C1DC929D1009B0604 /* Maths.swift */,
				1A0CED981D9AE33200CB90CF /* Extensions.swift */,
				1A0CED9A1D9AE3A900CB90CF /* Foundation.swift */,
				1A3C4C011D935097006EDF4A /* Event.swift */,
				1A1681E61E6DFE0F00CF8F63 /* EventConvenience.swift */,
				1A1681E21E6DE45000CF8F63 /* Observable.swift */,
				__PBXFileRef_Sources/OrderedDictionary.swift /* OrderedDictionary.swift */,
				__PBXFileRef_Sources/IDArray.swift /* IDArray.swift */,
			);
			name = Standard;
			sourceTree = "<group>";
		};
		1ABF90C11DDCCFF0003CEFE2 /* Inactive */ = {
			isa = PBXGroup;
			children = (
				1A8D39541F040446002B170E /* UArray.swift */,
				1A2684E01F051FB60003EC9F /* UOrderedDictionary.swift */,
				1A3126061D7D011800AD7966 /* Applicative.swift */,
				__PBXFileRef_Sources/Weak.swift /* Weak.swift */,
				1A3C4C031D93D62C006EDF4A /* WeakAny.swift */,
				1AD616C51D69101700CC2F0B /* Regex.swift */,
				1AE008441DBE81B0008A82AA /* Reference.swift */,
				1AA4FC911ED07189007BECB4 /* Waitable.swift */,
				1AA4FC921ED07189007BECB4 /* Deferred.swift */,
				1A9C96561ED23D3800C54506 /* EditActionDataSource.swift */,
			);
			name = Inactive;
			sourceTree = "<group>";
		};
		"___RootGroup_" = {
			isa = PBXGroup;
			children = (
				__PBXFileRef_Package.swift /* Package.swift */,
				"_____Configs_" /* Configs */,
				"_____Sources_" /* Sources */,
				1A5BD3371E5BBA2300B4DF8C /* AdditionsTests */,
				"____Products_" /* Products */,
			);
			sourceTree = "<group>";
		};
		"____Products_" /* Products */ = {
			isa = PBXGroup;
			children = (
				"_____Product_Additions" /* Additions.framework */,
				1A5BD3361E5BBA2300B4DF8C /* AdditionsTests.xctest */,
			);
			name = Products;
			sourceTree = "<group>";
		};
		"_____Configs_" /* Configs */ = {
			isa = PBXGroup;
			children = (
				__PBXFileRef_Additions.xcodeproj/Configs/Project.xcconfig /* Additions.xcodeproj/Configs/Project.xcconfig */,
			);
			name = Configs;
			sourceTree = "<group>";
		};
		"_____Sources_" /* Sources */ = {
			isa = PBXGroup;
			children = (
				"_______Group_Additions" /* Additions */,
				1A6CD2EB1D664AC300F9E0B6 /* UIKit */,
			);
			name = Sources;
			sourceTree = "<group>";
		};
		"_______Group_Additions" /* Additions */ = {
			isa = PBXGroup;
			children = (
				1A6CD3171D664CE600F9E0B6 /* Standard */,
				1ABF90C11DDCCFF0003CEFE2 /* Inactive */,
			);
			name = Additions;
			path = Sources;
			sourceTree = "<group>";
		};
/* End PBXGroup section */

/* Begin PBXNativeTarget section */
		1A5BD3351E5BBA2300B4DF8C /* AdditionsTests */ = {
			isa = PBXNativeTarget;
			buildConfigurationList = 1A5BD3401E5BBA2300B4DF8C /* Build configuration list for PBXNativeTarget "AdditionsTests" */;
			buildPhases = (
				1A5BD3321E5BBA2300B4DF8C /* Sources */,
				1A5BD3331E5BBA2300B4DF8C /* Frameworks */,
				1A5BD3341E5BBA2300B4DF8C /* Resources */,
			);
			buildRules = (
			);
			dependencies = (
				1A5BD33D1E5BBA2300B4DF8C /* PBXTargetDependency */,
			);
			name = AdditionsTests;
			productName = AdditionsTests;
			productReference = 1A5BD3361E5BBA2300B4DF8C /* AdditionsTests.xctest */;
			productType = "com.apple.product-type.bundle.unit-test";
		};
		"______Target_Additions" /* Additions */ = {
			isa = PBXNativeTarget;
			buildConfigurationList = "_______Confs_Additions" /* Build configuration list for PBXNativeTarget "Additions" */;
			buildPhases = (
				CompilePhase_Additions /* Sources */,
				"___LinkPhase_Additions" /* Frameworks */,
			);
			buildRules = (
			);
			dependencies = (
			);
			name = Additions;
			productName = Additions;
			productReference = "_____Product_Additions" /* Additions.framework */;
			productType = "com.apple.product-type.framework";
		};
/* End PBXNativeTarget section */

/* Begin PBXProject section */
		__RootObject_ /* Project object */ = {
			isa = PBXProject;
			attributes = {
				LastSwiftUpdateCheck = 0830;
				LastUpgradeCheck = 0900;
				TargetAttributes = {
					1A5BD3351E5BBA2300B4DF8C = {
						CreatedOnToolsVersion = 8.3;
						DevelopmentTeam = VKFDYMU9HJ;
						ProvisioningStyle = Automatic;
					};
					"______Target_Additions" = {
						LastSwiftMigration = 0900;
					};
				};
			};
			buildConfigurationList = "___RootConfs_" /* Build configuration list for PBXProject "Additions" */;
			compatibilityVersion = "Xcode 3.2";
			developmentRegion = English;
			hasScannedForEncodings = 0;
			knownRegions = (
				en,
			);
			mainGroup = "___RootGroup_";
			productRefGroup = "____Products_" /* Products */;
			projectDirPath = "";
			projectRoot = "";
			targets = (
				"______Target_Additions" /* Additions */,
				1A5BD3351E5BBA2300B4DF8C /* AdditionsTests */,
			);
		};
/* End PBXProject section */

/* Begin PBXResourcesBuildPhase section */
		1A5BD3341E5BBA2300B4DF8C /* Resources */ = {
			isa = PBXResourcesBuildPhase;
			buildActionMask = 2147483647;
			files = (
			);
			runOnlyForDeploymentPostprocessing = 0;
		};
/* End PBXResourcesBuildPhase section */

/* Begin PBXSourcesBuildPhase section */
		1A5BD3321E5BBA2300B4DF8C /* Sources */ = {
			isa = PBXSourcesBuildPhase;
			buildActionMask = 2147483647;
			files = (
				1A5BD3391E5BBA2300B4DF8C /* AdditionsTests.swift in Sources */,
			);
			runOnlyForDeploymentPostprocessing = 0;
		};
		CompilePhase_Additions /* Sources */ = {
			isa = PBXSourcesBuildPhase;
			buildActionMask = 0;
			files = (
				1A3C4C021D935097006EDF4A /* Event.swift in Sources */,
				1A1681E31E6DE45000CF8F63 /* Observable.swift in Sources */,
				1AA644631EF0A866003C96C6 /* OrderedDictionary.swift in Sources */,
				1A0CED9B1D9AE3A900CB90CF /* Foundation.swift in Sources */,
				1AF9C9CC1F5DE24800637832 /* IDArray.swift in Sources */,
				1A2E14DB1D6DE7FE007BA6E0 /* Constraints.swift in Sources */,
				1A9A4BE51E70BADC008C6B5C /* XibLoadable.swift in Sources */,
				1A0CED991D9AE33200CB90CF /* Extensions.swift in Sources */,
				1A2E14D61D6DE7F7007BA6E0 /* Identifiable.swift in Sources */,
				1A2E14D51D6DE7F7007BA6E0 /* Segue.swift in Sources */,
				1A85FA331EE9B1BA002F84BD /* General.swift in Sources */,
				1A1681E71E6DFE0F00CF8F63 /* EventConvenience.swift in Sources */,
				1A984D601F3A3C3F00508A94 /* Maths.swift in Sources */,
				1A2E14D41D6DE79B007BA6E0 /* Convenience.swift in Sources */,
				1A2E14D71D6DE7F7007BA6E0 /* Reuseable.swift in Sources */,
			);
			runOnlyForDeploymentPostprocessing = 0;
		};
/* End PBXSourcesBuildPhase section */

/* Begin PBXTargetDependency section */
		1A5BD33D1E5BBA2300B4DF8C /* PBXTargetDependency */ = {
			isa = PBXTargetDependency;
			target = "______Target_Additions" /* Additions */;
			targetProxy = 1A5BD33C1E5BBA2300B4DF8C /* PBXContainerItemProxy */;
		};
/* End PBXTargetDependency section */

/* Begin XCBuildConfiguration section */
		1A5BD33E1E5BBA2300B4DF8C /* Debug */ = {
			isa = XCBuildConfiguration;
			buildSettings = {
				ALWAYS_SEARCH_USER_PATHS = NO;
				CLANG_ANALYZER_NONNULL = YES;
				CLANG_ANALYZER_NUMBER_OBJECT_CONVERSION = YES_AGGRESSIVE;
				CLANG_CXX_LANGUAGE_STANDARD = "gnu++0x";
				CLANG_CXX_LIBRARY = "libc++";
				CLANG_ENABLE_MODULES = YES;
				CLANG_ENABLE_OBJC_ARC = YES;
				CLANG_WARN_DIRECT_OBJC_ISA_USAGE = YES_ERROR;
				CLANG_WARN_DOCUMENTATION_COMMENTS = YES;
				CLANG_WARN_OBJC_ROOT_CLASS = YES_ERROR;
				CODE_SIGN_IDENTITY = "-";
				COMBINE_HIDPI_IMAGES = YES;
				COPY_PHASE_STRIP = NO;
				DEBUG_INFORMATION_FORMAT = dwarf;
				DEVELOPMENT_TEAM = VKFDYMU9HJ;
				GCC_C_LANGUAGE_STANDARD = gnu99;
				GCC_DYNAMIC_NO_PIC = NO;
				GCC_OPTIMIZATION_LEVEL = 0;
				GCC_PREPROCESSOR_DEFINITIONS = (
					"DEBUG=1",
					"$(inherited)",
				);
				GCC_WARN_ABOUT_RETURN_TYPE = YES_ERROR;
				GCC_WARN_UNINITIALIZED_AUTOS = YES_AGGRESSIVE;
				INFOPLIST_FILE = AdditionsTests/Info.plist;
				LD_RUNPATH_SEARCH_PATHS = "$(inherited) @executable_path/../Frameworks @loader_path/../Frameworks";
				MACOSX_DEPLOYMENT_TARGET = 10.12;
				MTL_ENABLE_DEBUG_INFO = YES;
				PRODUCT_BUNDLE_IDENTIFIER = James.AdditionsTests;
				PRODUCT_NAME = "$(TARGET_NAME)";
				SDKROOT = macosx;
				SWIFT_ACTIVE_COMPILATION_CONDITIONS = DEBUG;
				SWIFT_OPTIMIZATION_LEVEL = "-Onone";
				SWIFT_VERSION = 3.0;
			};
			name = Debug;
		};
		1A5BD33F1E5BBA2300B4DF8C /* Release */ = {
			isa = XCBuildConfiguration;
			buildSettings = {
				ALWAYS_SEARCH_USER_PATHS = NO;
				CLANG_ANALYZER_NONNULL = YES;
				CLANG_ANALYZER_NUMBER_OBJECT_CONVERSION = YES_AGGRESSIVE;
				CLANG_CXX_LANGUAGE_STANDARD = "gnu++0x";
				CLANG_CXX_LIBRARY = "libc++";
				CLANG_ENABLE_MODULES = YES;
				CLANG_ENABLE_OBJC_ARC = YES;
				CLANG_WARN_DIRECT_OBJC_ISA_USAGE = YES_ERROR;
				CLANG_WARN_DOCUMENTATION_COMMENTS = YES;
				CLANG_WARN_OBJC_ROOT_CLASS = YES_ERROR;
				CODE_SIGN_IDENTITY = "-";
				COMBINE_HIDPI_IMAGES = YES;
				COPY_PHASE_STRIP = NO;
				DEBUG_INFORMATION_FORMAT = "dwarf-with-dsym";
				DEVELOPMENT_TEAM = VKFDYMU9HJ;
				ENABLE_NS_ASSERTIONS = NO;
				GCC_C_LANGUAGE_STANDARD = gnu99;
				GCC_WARN_ABOUT_RETURN_TYPE = YES_ERROR;
				GCC_WARN_UNINITIALIZED_AUTOS = YES_AGGRESSIVE;
				INFOPLIST_FILE = AdditionsTests/Info.plist;
				LD_RUNPATH_SEARCH_PATHS = "$(inherited) @executable_path/../Frameworks @loader_path/../Frameworks";
				MACOSX_DEPLOYMENT_TARGET = 10.12;
				MTL_ENABLE_DEBUG_INFO = NO;
				PRODUCT_BUNDLE_IDENTIFIER = James.AdditionsTests;
				PRODUCT_NAME = "$(TARGET_NAME)";
				SDKROOT = macosx;
				SWIFT_VERSION = 3.0;
			};
			name = Release;
		};
		_ReleaseConf_Additions /* Release */ = {
			isa = XCBuildConfiguration;
			buildSettings = {
				APPLICATION_EXTENSION_API_ONLY = YES;
				CURRENT_PROJECT_VERSION = 1;
				ENABLE_TESTABILITY = YES;
				FRAMEWORK_SEARCH_PATHS = "$(PLATFORM_DIR)/Developer/Library/Frameworks";
				INFOPLIST_FILE = Additions.xcodeproj/Additions_Info.plist;
				IPHONEOS_DEPLOYMENT_TARGET = 8.0;
				LD_RUNPATH_SEARCH_PATHS = "$(TOOLCHAIN_DIR)/usr/lib/swift/macosx";
				OTHER_LDFLAGS = "$(inherited)";
				OTHER_SWIFT_FLAGS = "$(inherited)";
				PRODUCT_BUNDLE_IDENTIFIER = Additions;
				PRODUCT_MODULE_NAME = "$(PRODUCT_NAME)";
				PRODUCT_NAME = "$(TARGET_NAME)";
				SKIP_INSTALL = YES;
				SWIFT_SWIFT3_OBJC_INFERENCE = Default;
				SWIFT_VERSION = 4.0;
				VERSIONING_SYSTEM = "apple-generic";
			};
			name = Release;
		};
		"___DebugConf_Additions" /* Debug */ = {
			isa = XCBuildConfiguration;
			buildSettings = {
				APPLICATION_EXTENSION_API_ONLY = YES;
				CURRENT_PROJECT_VERSION = 1;
				ENABLE_TESTABILITY = YES;
				FRAMEWORK_SEARCH_PATHS = "$(PLATFORM_DIR)/Developer/Library/Frameworks";
				INFOPLIST_FILE = Additions.xcodeproj/Additions_Info.plist;
				IPHONEOS_DEPLOYMENT_TARGET = 8.0;
				LD_RUNPATH_SEARCH_PATHS = "$(TOOLCHAIN_DIR)/usr/lib/swift/macosx";
				OTHER_LDFLAGS = "$(inherited)";
				OTHER_SWIFT_FLAGS = "$(inherited)";
				PRODUCT_BUNDLE_IDENTIFIER = Additions;
				PRODUCT_MODULE_NAME = "$(PRODUCT_NAME)";
				PRODUCT_NAME = "$(TARGET_NAME)";
				SKIP_INSTALL = YES;
				SWIFT_OPTIMIZATION_LEVEL = "-Onone";
				SWIFT_SWIFT3_OBJC_INFERENCE = Default;
				SWIFT_VERSION = 4.0;
				VERSIONING_SYSTEM = "apple-generic";
			};
			name = Debug;
		};
		"_____Release_" /* Release */ = {
			isa = XCBuildConfiguration;
			baseConfigurationReference = __PBXFileRef_Additions.xcodeproj/Configs/Project.xcconfig /* Additions.xcodeproj/Configs/Project.xcconfig */;
			buildSettings = {
				CLANG_WARN_BLOCK_CAPTURE_AUTORELEASING = YES;
				CLANG_WARN_BOOL_CONVERSION = YES;
				CLANG_WARN_COMMA = YES;
				CLANG_WARN_CONSTANT_CONVERSION = YES;
				CLANG_WARN_EMPTY_BODY = YES;
				CLANG_WARN_ENUM_CONVERSION = YES;
				CLANG_WARN_INFINITE_RECURSION = YES;
				CLANG_WARN_INT_CONVERSION = YES;
				CLANG_WARN_NON_LITERAL_NULL_CONVERSION = YES;
				CLANG_WARN_OBJC_LITERAL_CONVERSION = YES;
				CLANG_WARN_RANGE_LOOP_ANALYSIS = YES;
				CLANG_WARN_STRICT_PROTOTYPES = YES;
				CLANG_WARN_SUSPICIOUS_MOVE = YES;
				CLANG_WARN_UNREACHABLE_CODE = YES;
				CLANG_WARN__DUPLICATE_METHOD_MATCH = YES;
				ENABLE_STRICT_OBJC_MSGSEND = YES;
				GCC_NO_COMMON_BLOCKS = YES;
				GCC_WARN_64_TO_32_BIT_CONVERSION = YES;
				GCC_WARN_ABOUT_RETURN_TYPE = YES;
				GCC_WARN_UNDECLARED_SELECTOR = YES;
				GCC_WARN_UNINITIALIZED_AUTOS = YES;
				GCC_WARN_UNUSED_FUNCTION = YES;
				GCC_WARN_UNUSED_VARIABLE = YES;
				SWIFT_OPTIMIZATION_LEVEL = "-Owholemodule";
			};
			name = Release;
		};
		"_______Debug_" /* Debug */ = {
			isa = XCBuildConfiguration;
			baseConfigurationReference = __PBXFileRef_Additions.xcodeproj/Configs/Project.xcconfig /* Additions.xcodeproj/Configs/Project.xcconfig */;
			buildSettings = {
				CLANG_WARN_BLOCK_CAPTURE_AUTORELEASING = YES;
				CLANG_WARN_BOOL_CONVERSION = YES;
				CLANG_WARN_COMMA = YES;
				CLANG_WARN_CONSTANT_CONVERSION = YES;
				CLANG_WARN_EMPTY_BODY = YES;
				CLANG_WARN_ENUM_CONVERSION = YES;
				CLANG_WARN_INFINITE_RECURSION = YES;
				CLANG_WARN_INT_CONVERSION = YES;
				CLANG_WARN_NON_LITERAL_NULL_CONVERSION = YES;
				CLANG_WARN_OBJC_LITERAL_CONVERSION = YES;
				CLANG_WARN_RANGE_LOOP_ANALYSIS = YES;
				CLANG_WARN_STRICT_PROTOTYPES = YES;
				CLANG_WARN_SUSPICIOUS_MOVE = YES;
				CLANG_WARN_UNREACHABLE_CODE = YES;
				CLANG_WARN__DUPLICATE_METHOD_MATCH = YES;
				ENABLE_STRICT_OBJC_MSGSEND = YES;
				ENABLE_TESTABILITY = YES;
				GCC_NO_COMMON_BLOCKS = YES;
				GCC_WARN_64_TO_32_BIT_CONVERSION = YES;
				GCC_WARN_ABOUT_RETURN_TYPE = YES;
				GCC_WARN_UNDECLARED_SELECTOR = YES;
				GCC_WARN_UNINITIALIZED_AUTOS = YES;
				GCC_WARN_UNUSED_FUNCTION = YES;
				GCC_WARN_UNUSED_VARIABLE = YES;
				ONLY_ACTIVE_ARCH = YES;
			};
			name = Debug;
		};
/* End XCBuildConfiguration section */

/* Begin XCConfigurationList section */
		1A5BD3401E5BBA2300B4DF8C /* Build configuration list for PBXNativeTarget "AdditionsTests" */ = {
			isa = XCConfigurationList;
			buildConfigurations = (
				1A5BD33E1E5BBA2300B4DF8C /* Debug */,
				1A5BD33F1E5BBA2300B4DF8C /* Release */,
			);
			defaultConfigurationIsVisible = 0;
			defaultConfigurationName = Debug;
		};
		"___RootConfs_" /* Build configuration list for PBXProject "Additions" */ = {
			isa = XCConfigurationList;
			buildConfigurations = (
				"_______Debug_" /* Debug */,
				"_____Release_" /* Release */,
			);
			defaultConfigurationIsVisible = 0;
			defaultConfigurationName = Debug;
		};
		"_______Confs_Additions" /* Build configuration list for PBXNativeTarget "Additions" */ = {
			isa = XCConfigurationList;
			buildConfigurations = (
				"___DebugConf_Additions" /* Debug */,
				_ReleaseConf_Additions /* Release */,
			);
			defaultConfigurationIsVisible = 0;
			defaultConfigurationName = Debug;
		};
/* End XCConfigurationList section */
	};
	rootObject = __RootObject_ /* Project object */;
}
